// !$*UTF8*$!
{
	archiveVersion = 1;
	classes = {
	};
	objectVersion = 50;
	objects = {

/* Begin PBXBuildFile section */
		612830D020CA9F5F00945560 /* CategoryTableViewController.swift in Sources */ = {isa = PBXBuildFile; fileRef = 612830CF20CA9F5F00945560 /* CategoryTableViewController.swift */; };
		617C176920CAD5510082A0A2 /* Item.swift in Sources */ = {isa = PBXBuildFile; fileRef = 617C176820CAD5510082A0A2 /* Item.swift */; };
		617C176B20CAD55A0082A0A2 /* Category.swift in Sources */ = {isa = PBXBuildFile; fileRef = 617C176A20CAD55A0082A0A2 /* Category.swift */; };
		61DC08B120C287DF00DF43C3 /* AppDelegate.swift in Sources */ = {isa = PBXBuildFile; fileRef = 61DC08B020C287DF00DF43C3 /* AppDelegate.swift */; };
		61DC08B320C287DF00DF43C3 /* TodoListViewController.swift in Sources */ = {isa = PBXBuildFile; fileRef = 61DC08B220C287DF00DF43C3 /* TodoListViewController.swift */; };
		61DC08B620C287DF00DF43C3 /* Main.storyboard in Resources */ = {isa = PBXBuildFile; fileRef = 61DC08B420C287DF00DF43C3 /* Main.storyboard */; };
		61DC08B820C287E100DF43C3 /* Assets.xcassets in Resources */ = {isa = PBXBuildFile; fileRef = 61DC08B720C287E100DF43C3 /* Assets.xcassets */; };
		61DC08BB20C287E100DF43C3 /* LaunchScreen.storyboard in Resources */ = {isa = PBXBuildFile; fileRef = 61DC08B920C287E100DF43C3 /* LaunchScreen.storyboard */; };
		8DC02DD6BCA1F5B039BF1009 /* Pods_Todoey.framework in Frameworks */ = {isa = PBXBuildFile; fileRef = 2DA21540F64D4696AD8B1B3A /* Pods_Todoey.framework */; };
/* End PBXBuildFile section */

/* Begin PBXFileReference section */
		2DA21540F64D4696AD8B1B3A /* Pods_Todoey.framework */ = {isa = PBXFileReference; explicitFileType = wrapper.framework; includeInIndex = 0; path = Pods_Todoey.framework; sourceTree = BUILT_PRODUCTS_DIR; };
		2F2DE6341E755667C1BC2267 /* Pods-Todoey.debug.xcconfig */ = {isa = PBXFileReference; includeInIndex = 1; lastKnownFileType = text.xcconfig; name = "Pods-Todoey.debug.xcconfig"; path = "Pods/Target Support Files/Pods-Todoey/Pods-Todoey.debug.xcconfig"; sourceTree = "<group>"; };
		612830CF20CA9F5F00945560 /* CategoryTableViewController.swift */ = {isa = PBXFileReference; lastKnownFileType = sourcecode.swift; path = CategoryTableViewController.swift; sourceTree = "<group>"; };
		617C176820CAD5510082A0A2 /* Item.swift */ = {isa = PBXFileReference; lastKnownFileType = sourcecode.swift; path = Item.swift; sourceTree = "<group>"; };
		617C176A20CAD55A0082A0A2 /* Category.swift */ = {isa = PBXFileReference; lastKnownFileType = sourcecode.swift; path = Category.swift; sourceTree = "<group>"; };
		61DC08AD20C287DF00DF43C3 /* Todoey.app */ = {isa = PBXFileReference; explicitFileType = wrapper.application; includeInIndex = 0; path = Todoey.app; sourceTree = BUILT_PRODUCTS_DIR; };
		61DC08B020C287DF00DF43C3 /* AppDelegate.swift */ = {isa = PBXFileReference; lastKnownFileType = sourcecode.swift; path = AppDelegate.swift; sourceTree = "<group>"; };
		61DC08B220C287DF00DF43C3 /* TodoListViewController.swift */ = {isa = PBXFileReference; lastKnownFileType = sourcecode.swift; path = TodoListViewController.swift; sourceTree = "<group>"; };
		61DC08B520C287DF00DF43C3 /* Base */ = {isa = PBXFileReference; lastKnownFileType = file.storyboard; name = Base; path = Base.lproj/Main.storyboard; sourceTree = "<group>"; };
		61DC08B720C287E100DF43C3 /* Assets.xcassets */ = {isa = PBXFileReference; lastKnownFileType = folder.assetcatalog; path = Assets.xcassets; sourceTree = "<group>"; };
		61DC08BA20C287E100DF43C3 /* Base */ = {isa = PBXFileReference; lastKnownFileType = file.storyboard; name = Base; path = Base.lproj/LaunchScreen.storyboard; sourceTree = "<group>"; };
		61DC08BC20C287E100DF43C3 /* Info.plist */ = {isa = PBXFileReference; lastKnownFileType = text.plist.xml; path = Info.plist; sourceTree = "<group>"; };
		C6F04F59FBF3DBD056F71B23 /* Pods-Todoey.release.xcconfig */ = {isa = PBXFileReference; includeInIndex = 1; lastKnownFileType = text.xcconfig; name = "Pods-Todoey.release.xcconfig"; path = "Pods/Target Support Files/Pods-Todoey/Pods-Todoey.release.xcconfig"; sourceTree = "<group>"; };
/* End PBXFileReference section */

/* Begin PBXFrameworksBuildPhase section */
		61DC08AA20C287DF00DF43C3 /* Frameworks */ = {
			isa = PBXFrameworksBuildPhase;
			buildActionMask = 2147483647;
			files = (
				8DC02DD6BCA1F5B039BF1009 /* Pods_Todoey.framework in Frameworks */,
			);
			runOnlyForDeploymentPostprocessing = 0;
		};
/* End PBXFrameworksBuildPhase section */

/* Begin PBXGroup section */
		61DC08A420C287DF00DF43C3 = {
			isa = PBXGroup;
			children = (
				61DC08AF20C287DF00DF43C3 /* Todoey */,
				61DC08AE20C287DF00DF43C3 /* Products */,
				B6570AFD94C7C75CEE22ADA6 /* Pods */,
				7E9D931C876022B25DE06132 /* Frameworks */,
			);
			sourceTree = "<group>";
		};
		61DC08AE20C287DF00DF43C3 /* Products */ = {
			isa = PBXGroup;
			children = (
				61DC08AD20C287DF00DF43C3 /* Todoey.app */,
			);
			name = Products;
			sourceTree = "<group>";
		};
		61DC08AF20C287DF00DF43C3 /* Todoey */ = {
			isa = PBXGroup;
			children = (
				61DC08B020C287DF00DF43C3 /* AppDelegate.swift */,
				61DC08C620C2984000DF43C3 /* Controller */,
				61DC08C520C2983400DF43C3 /* View */,
				61DC08C720C2985C00DF43C3 /* Support Files */,
				61DC08BC20C287E100DF43C3 /* Info.plist */,
				61DC08C420C2981E00DF43C3 /* Model */,
			);
			path = Todoey;
			sourceTree = "<group>";
		};
		61DC08C420C2981E00DF43C3 /* Model */ = {
			isa = PBXGroup;
			children = (
				617C176820CAD5510082A0A2 /* Item.swift */,
				617C176A20CAD55A0082A0A2 /* Category.swift */,
			);
			path = Model;
			sourceTree = "<group>";
		};
		61DC08C520C2983400DF43C3 /* View */ = {
			isa = PBXGroup;
			children = (
				61DC08B420C287DF00DF43C3 /* Main.storyboard */,
			);
			path = View;
			sourceTree = "<group>";
		};
		61DC08C620C2984000DF43C3 /* Controller */ = {
			isa = PBXGroup;
			children = (
				612830CF20CA9F5F00945560 /* CategoryTableViewController.swift */,
				61DC08B220C287DF00DF43C3 /* TodoListViewController.swift */,
			);
			path = Controller;
			sourceTree = "<group>";
		};
		61DC08C720C2985C00DF43C3 /* Support Files */ = {
			isa = PBXGroup;
			children = (
				61DC08B720C287E100DF43C3 /* Assets.xcassets */,
				61DC08B920C287E100DF43C3 /* LaunchScreen.storyboard */,
			);
			path = "Support Files";
			sourceTree = "<group>";
		};
		7E9D931C876022B25DE06132 /* Frameworks */ = {
			isa = PBXGroup;
			children = (
				2DA21540F64D4696AD8B1B3A /* Pods_Todoey.framework */,
			);
			name = Frameworks;
			sourceTree = "<group>";
		};
		B6570AFD94C7C75CEE22ADA6 /* Pods */ = {
			isa = PBXGroup;
			children = (
				2F2DE6341E755667C1BC2267 /* Pods-Todoey.debug.xcconfig */,
				C6F04F59FBF3DBD056F71B23 /* Pods-Todoey.release.xcconfig */,
			);
			name = Pods;
			sourceTree = "<group>";
		};
/* End PBXGroup section */

/* Begin PBXNativeTarget section */
		61DC08AC20C287DF00DF43C3 /* Todoey */ = {
			isa = PBXNativeTarget;
			buildConfigurationList = 61DC08BF20C287E100DF43C3 /* Build configuration list for PBXNativeTarget "Todoey" */;
			buildPhases = (
				1D135372681315A4F807D845 /* [CP] Check Pods Manifest.lock */,
				61DC08A920C287DF00DF43C3 /* Sources */,
				61DC08AA20C287DF00DF43C3 /* Frameworks */,
				61DC08AB20C287DF00DF43C3 /* Resources */,
				49FD5844EF133CA364D5BC4C /* [CP] Embed Pods Frameworks */,
			);
			buildRules = (
			);
			dependencies = (
			);
			name = Todoey;
			productName = Todoey;
			productReference = 61DC08AD20C287DF00DF43C3 /* Todoey.app */;
			productType = "com.apple.product-type.application";
		};
/* End PBXNativeTarget section */

/* Begin PBXProject section */
		61DC08A520C287DF00DF43C3 /* Project object */ = {
			isa = PBXProject;
			attributes = {
				LastSwiftUpdateCheck = 0930;
				LastUpgradeCheck = 0930;
				ORGANIZATIONNAME = "B Studi_o";
				TargetAttributes = {
					61DC08AC20C287DF00DF43C3 = {
						CreatedOnToolsVersion = 9.3.1;
					};
				};
			};
			buildConfigurationList = 61DC08A820C287DF00DF43C3 /* Build configuration list for PBXProject "Todoey" */;
			compatibilityVersion = "Xcode 9.3";
			developmentRegion = en;
			hasScannedForEncodings = 0;
			knownRegions = (
				en,
				Base,
			);
			mainGroup = 61DC08A420C287DF00DF43C3;
			productRefGroup = 61DC08AE20C287DF00DF43C3 /* Products */;
			projectDirPath = "";
			projectRoot = "";
			targets = (
				61DC08AC20C287DF00DF43C3 /* Todoey */,
			);
		};
/* End PBXProject section */

/* Begin PBXResourcesBuildPhase section */
		61DC08AB20C287DF00DF43C3 /* Resources */ = {
			isa = PBXResourcesBuildPhase;
			buildActionMask = 2147483647;
			files = (
				61DC08BB20C287E100DF43C3 /* LaunchScreen.storyboard in Resources */,
				61DC08B820C287E100DF43C3 /* Assets.xcassets in Resources */,
				61DC08B620C287DF00DF43C3 /* Main.storyboard in Resources */,
			);
			runOnlyForDeploymentPostprocessing = 0;
		};
/* End PBXResourcesBuildPhase section */

/* Begin PBXShellScriptBuildPhase section */
		1D135372681315A4F807D845 /* [CP] Check Pods Manifest.lock */ = {
			isa = PBXShellScriptBuildPhase;
			buildActionMask = 2147483647;
			files = (
			);
			inputPaths = (
				"${PODS_PODFILE_DIR_PATH}/Podfile.lock",
				"${PODS_ROOT}/Manifest.lock",
			);
			name = "[CP] Check Pods Manifest.lock";
			outputPaths = (
				"$(DERIVED_FILE_DIR)/Pods-Todoey-checkManifestLockResult.txt",
			);
			runOnlyForDeploymentPostprocessing = 0;
			shellPath = /bin/sh;
			shellScript = "diff \"${PODS_PODFILE_DIR_PATH}/Podfile.lock\" \"${PODS_ROOT}/Manifest.lock\" > /dev/null\nif [ $? != 0 ] ; then\n    # print error to STDERR\n    echo \"error: The sandbox is not in sync with the Podfile.lock. Run 'pod install' or update your CocoaPods installation.\" >&2\n    exit 1\nfi\n# This output is used by Xcode 'outputs' to avoid re-running this script phase.\necho \"SUCCESS\" > \"${SCRIPT_OUTPUT_FILE_0}\"\n";
			showEnvVarsInLog = 0;
		};
		49FD5844EF133CA364D5BC4C /* [CP] Embed Pods Frameworks */ = {
			isa = PBXShellScriptBuildPhase;
			buildActionMask = 2147483647;
			files = (
			);
			inputPaths = (
				"${SRCROOT}/Pods/Target Support Files/Pods-Todoey/Pods-Todoey-frameworks.sh",
				"${BUILT_PRODUCTS_DIR}/Realm/Realm.framework",
				"${BUILT_PRODUCTS_DIR}/RealmSwift/RealmSwift.framework",
				"${BUILT_PRODUCTS_DIR}/SwipeCellKit/SwipeCellKit.framework",
			);
			name = "[CP] Embed Pods Frameworks";
			outputPaths = (
				"${TARGET_BUILD_DIR}/${FRAMEWORKS_FOLDER_PATH}/Realm.framework",
				"${TARGET_BUILD_DIR}/${FRAMEWORKS_FOLDER_PATH}/RealmSwift.framework",
				"${TARGET_BUILD_DIR}/${FRAMEWORKS_FOLDER_PATH}/SwipeCellKit.framework",
			);
			runOnlyForDeploymentPostprocessing = 0;
			shellPath = /bin/sh;
			shellScript = "\"${SRCROOT}/Pods/Target Support Files/Pods-Todoey/Pods-Todoey-frameworks.sh\"\n";
			showEnvVarsInLog = 0;
		};
/* End PBXShellScriptBuildPhase section */

/* Begin PBXSourcesBuildPhase section */
		61DC08A920C287DF00DF43C3 /* Sources */ = {
			isa = PBXSourcesBuildPhase;
			buildActionMask = 2147483647;
			files = (
				617C176920CAD5510082A0A2 /* Item.swift in Sources */,
				61DC08B320C287DF00DF43C3 /* TodoListViewController.swift in Sources */,
				61DC08B120C287DF00DF43C3 /* AppDelegate.swift in Sources */,
				612830D020CA9F5F00945560 /* CategoryTableViewController.swift in Sources */,
				617C176B20CAD55A0082A0A2 /* Category.swift in Sources */,
			);
			runOnlyForDeploymentPostprocessing = 0;
		};
/* End PBXSourcesBuildPhase section */

/* Begin PBXVariantGroup section */
		61DC08B420C287DF00DF43C3 /* Main.storyboard */ = {
			isa = PBXVariantGroup;
			children = (
				61DC08B520C287DF00DF43C3 /* Base */,
			);
			name = Main.storyboard;
			sourceTree = "<group>";
		};
		61DC08B920C287E100DF43C3 /* LaunchScreen.storyboard */ = {
			isa = PBXVariantGroup;
			children = (
				61DC08BA20C287E100DF43C3 /* Base */,
			);
			name = LaunchScreen.storyboard;
			sourceTree = "<group>";
		};
/* End PBXVariantGroup section */

/* Begin XCBuildConfiguration section */
		61DC08BD20C287E100DF43C3 /* Debug */ = {
			isa = XCBuildConfiguration;
			buildSettings = {
				ALWAYS_SEARCH_USER_PATHS = NO;
				CLANG_ANALYZER_NONNULL = YES;
				CLANG_ANALYZER_NUMBER_OBJECT_CONVERSION = YES_AGGRESSIVE;
				CLANG_CXX_LANGUAGE_STANDARD = "gnu++14";
				CLANG_CXX_LIBRARY = "libc++";
				CLANG_ENABLE_MODULES = YES;
				CLANG_ENABLE_OBJC_ARC = YES;
				CLANG_ENABLE_OBJC_WEAK = YES;
				CLANG_WARN_BLOCK_CAPTURE_AUTORELEASING = YES;
				CLANG_WARN_BOOL_CONVERSION = YES;
				CLANG_WARN_COMMA = YES;
				CLANG_WARN_CONSTANT_CONVERSION = YES;
				CLANG_WARN_DEPRECATED_OBJC_IMPLEMENTATIONS = YES;
				CLANG_WARN_DIRECT_OBJC_ISA_USAGE = YES_ERROR;
				CLANG_WARN_DOCUMENTATION_COMMENTS = YES;
				CLANG_WARN_EMPTY_BODY = YES;
				CLANG_WARN_ENUM_CONVERSION = YES;
				CLANG_WARN_INFINITE_RECURSION = YES;
				CLANG_WARN_INT_CONVERSION = YES;
				CLANG_WARN_NON_LITERAL_NULL_CONVERSION = YES;
				CLANG_WARN_OBJC_IMPLICIT_RETAIN_SELF = YES;
				CLANG_WARN_OBJC_LITERAL_CONVERSION = YES;
				CLANG_WARN_OBJC_ROOT_CLASS = YES_ERROR;
				CLANG_WARN_RANGE_LOOP_ANALYSIS = YES;
				CLANG_WARN_STRICT_PROTOTYPES = YES;
				CLANG_WARN_SUSPICIOUS_MOVE = YES;
				CLANG_WARN_UNGUARDED_AVAILABILITY = YES_AGGRESSIVE;
				CLANG_WARN_UNREACHABLE_CODE = YES;
				CLANG_WARN__DUPLICATE_METHOD_MATCH = YES;
				CODE_SIGN_IDENTITY = "iPhone Developer";
				COPY_PHASE_STRIP = NO;
				DEBUG_INFORMATION_FORMAT = dwarf;
				ENABLE_STRICT_OBJC_MSGSEND = YES;
				ENABLE_TESTABILITY = YES;
				GCC_C_LANGUAGE_STANDARD = gnu11;
				GCC_DYNAMIC_NO_PIC = NO;
				GCC_NO_COMMON_BLOCKS = YES;
				GCC_OPTIMIZATION_LEVEL = 0;
				GCC_PREPROCESSOR_DEFINITIONS = (
					"DEBUG=1",
					"$(inherited)",
				);
				GCC_WARN_64_TO_32_BIT_CONVERSION = YES;
				GCC_WARN_ABOUT_RETURN_TYPE = YES_ERROR;
				GCC_WARN_UNDECLARED_SELECTOR = YES;
				GCC_WARN_UNINITIALIZED_AUTOS = YES_AGGRESSIVE;
				GCC_WARN_UNUSED_FUNCTION = YES;
				GCC_WARN_UNUSED_VARIABLE = YES;
				IPHONEOS_DEPLOYMENT_TARGET = 11.3;
				MTL_ENABLE_DEBUG_INFO = YES;
				ONLY_ACTIVE_ARCH = YES;
				SDKROOT = iphoneos;
				SWIFT_ACTIVE_COMPILATION_CONDITIONS = DEBUG;
				SWIFT_OPTIMIZATION_LEVEL = "-Onone";
			};
			name = Debug;
		};
		61DC08BE20C287E100DF43C3 /* Release */ = {
			isa = XCBuildConfiguration;
			buildSettings = {
				ALWAYS_SEARCH_USER_PATHS = NO;
				CLANG_ANALYZER_NONNULL = YES;
				CLANG_ANALYZER_NUMBER_OBJECT_CONVERSION = YES_AGGRESSIVE;
				CLANG_CXX_LANGUAGE_STANDARD = "gnu++14";
				CLANG_CXX_LIBRARY = "libc++";
				CLANG_ENABLE_MODULES = YES;
				CLANG_ENABLE_OBJC_ARC = YES;
				CLANG_ENABLE_OBJC_WEAK = YES;
				CLANG_WARN_BLOCK_CAPTURE_AUTORELEASING = YES;
				CLANG_WARN_BOOL_CONVERSION = YES;
				CLANG_WARN_COMMA = YES;
				CLANG_WARN_CONSTANT_CONVERSION = YES;
				CLANG_WARN_DEPRECATED_OBJC_IMPLEMENTATIONS = YES;
				CLANG_WARN_DIRECT_OBJC_ISA_USAGE = YES_ERROR;
				CLANG_WARN_DOCUMENTATION_COMMENTS = YES;
				CLANG_WARN_EMPTY_BODY = YES;
				CLANG_WARN_ENUM_CONVERSION = YES;
				CLANG_WARN_INFINITE_RECURSION = YES;
				CLANG_WARN_INT_CONVERSION = YES;
				CLANG_WARN_NON_LITERAL_NULL_CONVERSION = YES;
				CLANG_WARN_OBJC_IMPLICIT_RETAIN_SELF = YES;
				CLANG_WARN_OBJC_LITERAL_CONVERSION = YES;
				CLANG_WARN_OBJC_ROOT_CLASS = YES_ERROR;
				CLANG_WARN_RANGE_LOOP_ANALYSIS = YES;
				CLANG_WARN_STRICT_PROTOTYPES = YES;
				CLANG_WARN_SUSPICIOUS_MOVE = YES;
				CLANG_WARN_UNGUARDED_AVAILABILITY = YES_AGGRESSIVE;
				CLANG_WARN_UNREACHABLE_CODE = YES;
				CLANG_WARN__DUPLICATE_METHOD_MATCH = YES;
				CODE_SIGN_IDENTITY = "iPhone Developer";
				COPY_PHASE_STRIP = NO;
				DEBUG_INFORMATION_FORMAT = "dwarf-with-dsym";
				ENABLE_NS_ASSERTIONS = NO;
				ENABLE_STRICT_OBJC_MSGSEND = YES;
				GCC_C_LANGUAGE_STANDARD = gnu11;
				GCC_NO_COMMON_BLOCKS = YES;
				GCC_WARN_64_TO_32_BIT_CONVERSION = YES;
				GCC_WARN_ABOUT_RETURN_TYPE = YES_ERROR;
				GCC_WARN_UNDECLARED_SELECTOR = YES;
				GCC_WARN_UNINITIALIZED_AUTOS = YES_AGGRESSIVE;
				GCC_WARN_UNUSED_FUNCTION = YES;
				GCC_WARN_UNUSED_VARIABLE = YES;
				IPHONEOS_DEPLOYMENT_TARGET = 11.3;
				MTL_ENABLE_DEBUG_INFO = NO;
				SDKROOT = iphoneos;
				SWIFT_COMPILATION_MODE = wholemodule;
				SWIFT_OPTIMIZATION_LEVEL = "-O";
				VALIDATE_PRODUCT = YES;
			};
			name = Release;
		};
		61DC08C020C287E100DF43C3 /* Debug */ = {
			isa = XCBuildConfiguration;
			baseConfigurationReference = 2F2DE6341E755667C1BC2267 /* Pods-Todoey.debug.xcconfig */;
			buildSettings = {
				ASSETCATALOG_COMPILER_APPICON_NAME = AppIcon;
				CODE_SIGN_STYLE = Automatic;
				DEVELOPMENT_TEAM = 4G7M7XHZJ9;
				INFOPLIST_FILE = Todoey/Info.plist;
				LD_RUNPATH_SEARCH_PATHS = (
					"$(inherited)",
					"@executable_path/Frameworks",
				);
				PRODUCT_BUNDLE_IDENTIFIER = click.bstudio.Todoey;
				PRODUCT_NAME = "$(TARGET_NAME)";
				SWIFT_VERSION = 4.0;
				TARGETED_DEVICE_FAMILY = "1,2";
			};
			name = Debug;
		};
		61DC08C120C287E100DF43C3 /* Release */ = {
			isa = XCBuildConfiguration;
			baseConfigurationReference = C6F04F59FBF3DBD056F71B23 /* Pods-Todoey.release.xcconfig */;
			buildSettings = {
				ASSETCATALOG_COMPILER_APPICON_NAME = AppIcon;
				CODE_SIGN_STYLE = Automatic;
				DEVELOPMENT_TEAM = 4G7M7XHZJ9;
				INFOPLIST_FILE = Todoey/Info.plist;
				LD_RUNPATH_SEARCH_PATHS = (
					"$(inherited)",
					"@executable_path/Frameworks",
				);
				PRODUCT_BUNDLE_IDENTIFIER = click.bstudio.Todoey;
				PRODUCT_NAME = "$(TARGET_NAME)";
				SWIFT_VERSION = 4.0;
				TARGETED_DEVICE_FAMILY = "1,2";
			};
			name = Release;
		};
/* End XCBuildConfiguration section */

/* Begin XCConfigurationList section */
		61DC08A820C287DF00DF43C3 /* Build configuration list for PBXProject "Todoey" */ = {
			isa = XCConfigurationList;
			buildConfigurations = (
				61DC08BD20C287E100DF43C3 /* Debug */,
				61DC08BE20C287E100DF43C3 /* Release */,
			);
			defaultConfigurationIsVisible = 0;
			defaultConfigurationName = Release;
		};
		61DC08BF20C287E100DF43C3 /* Build configuration list for PBXNativeTarget "Todoey" */ = {
			isa = XCConfigurationList;
			buildConfigurations = (
				61DC08C020C287E100DF43C3 /* Debug */,
				61DC08C120C287E100DF43C3 /* Release */,
			);
			defaultConfigurationIsVisible = 0;
			defaultConfigurationName = Release;
		};
/* End XCConfigurationList section */
	};
	rootObject = 61DC08A520C287DF00DF43C3 /* Project object */;
}
